Microsoft Visual Studio Solution File, Format Version 12.00
# Visual Studio Version 16
VisualStudioVersion = 16.0.0.0
MinimumVisualStudioVersion = 16.0.0.0
Project("{9A19103F-16F7-4668-BE54-9A1E7A4F7556}") = "FMSystems.WeatherForecast.Application", "FMSystems.WeatherForecast.Application\FMSystems.WeatherForecast.Application.csproj", "{5F4146C3-463A-453A-8635-B81308E63516}"
EndProject
Project("{2150E333-8FDC-42A3-9474-1A3956D46DE8}") = "Solution Items", "Solution Items", "{11321F96-7329-4F4D-B45D-9287627F2093}"
	ProjectSection(SolutionItems) = preProject
		.editorconfig = .editorconfig
		.gitattributes = .gitattributes
		.gitignore = .gitignore
	EndProjectSection
EndProject
Project("{9A19103F-16F7-4668-BE54-9A1E7A4F7556}") = "FMSystems.WeatherForecast.Infrastructure", "FMSystems.WeatherForecast.Infrastructure\FMSystems.WeatherForecast.Infrastructure.csproj", "{F026821E-DA29-4C36-B565-ECF043A54087}"
EndProject
Project("{9A19103F-16F7-4668-BE54-9A1E7A4F7556}") = "FMSystems.WeatherForecast.Api", "FMSystems.WeatherForecast.Api\FMSystems.WeatherForecast.Api.csproj", "{9AE7E397-799B-4ECD-BB00-9EE462D4E0E2}"
EndProject
Project("{9A19103F-16F7-4668-BE54-9A1E7A4F7556}") = "FMSystems.WeatherForecast.Domain", "FMSystems.WeatherForecast.Domain\FMSystems.WeatherForecast.Domain.csproj", "{1BC7FC11-A57B-4514-B495-42787AF4FEC1}"
EndProject
Project("{9A19103F-16F7-4668-BE54-9A1E7A4F7556}") = "FMSystems.WeatherForecast.Web", "FMSystems.WeatherForecast.Web\FMSystems.WeatherForecast.Web.csproj", "{D4EF67C4-D7D6-48FA-A4FD-2193C7660238}"
EndProject
Global
	GlobalSection(SolutionConfigurationPlatforms) = preSolution
		Debug|Any CPU = Debug|Any CPU
		Debug|x64 = Debug|x64
		Debug|x86 = Debug|x86
		Release|Any CPU = Release|Any CPU
		Release|x64 = Release|x64
		Release|x86 = Release|x86
	EndGlobalSection
	GlobalSection(ProjectConfigurationPlatforms) = postSolution
		{5F4146C3-463A-453A-8635-B81308E63516}.Debug|Any CPU.ActiveCfg = Debug|Any CPU
		{5F4146C3-463A-453A-8635-B81308E63516}.Debug|Any CPU.Build.0 = Debug|Any CPU
		{5F4146C3-463A-453A-8635-B81308E63516}.Debug|x64.ActiveCfg = Debug|Any CPU
		{5F4146C3-463A-453A-8635-B81308E63516}.Debug|x64.Build.0 = Debug|Any CPU
		{5F4146C3-463A-453A-8635-B81308E63516}.Debug|x86.ActiveCfg = Debug|Any CPU
		{5F4146C3-463A-453A-8635-B81308E63516}.Debug|x86.Build.0 = Debug|Any CPU
		{5F4146C3-463A-453A-8635-B81308E63516}.Release|Any CPU.ActiveCfg = Release|Any CPU
		{5F4146C3-463A-453A-8635-B81308E63516}.Release|Any CPU.Build.0 = Release|Any CPU
		{5F4146C3-463A-453A-8635-B81308E63516}.Release|x64.ActiveCfg = Release|Any CPU
		{5F4146C3-463A-453A-8635-B81308E63516}.Release|x64.Build.0 = Release|Any CPU
		{5F4146C3-463A-453A-8635-B81308E63516}.Release|x86.ActiveCfg = Release|Any CPU
		{5F4146C3-463A-453A-8635-B81308E63516}.Release|x86.Build.0 = Release|Any CPU
		{F026821E-DA29-4C36-B565-ECF043A54087}.Debug|Any CPU.ActiveCfg = Debug|Any CPU
		{F026821E-DA29-4C36-B565-ECF043A54087}.Debug|Any CPU.Build.0 = Debug|Any CPU
		{F026821E-DA29-4C36-B565-ECF043A54087}.Debug|x64.ActiveCfg = Debug|Any CPU
		{F026821E-DA29-4C36-B565-ECF043A54087}.Debug|x64.Build.0 = Debug|Any CPU
		{F026821E-DA29-4C36-B565-ECF043A54087}.Debug|x86.ActiveCfg = Debug|Any CPU
		{F026821E-DA29-4C36-B565-ECF043A54087}.Debug|x86.Build.0 = Debug|Any CPU
		{F026821E-DA29-4C36-B565-ECF043A54087}.Release|Any CPU.ActiveCfg = Release|Any CPU
		{F026821E-DA29-4C36-B565-ECF043A54087}.Release|Any CPU.Build.0 = Release|Any CPU
		{F026821E-DA29-4C36-B565-ECF043A54087}.Release|x64.ActiveCfg = Release|Any CPU
		{F026821E-DA29-4C36-B565-ECF043A54087}.Release|x64.Build.0 = Release|Any CPU
		{F026821E-DA29-4C36-B565-ECF043A54087}.Release|x86.ActiveCfg = Release|Any CPU
		{F026821E-DA29-4C36-B565-ECF043A54087}.Release|x86.Build.0 = Release|Any CPU
		{9AE7E397-799B-4ECD-BB00-9EE462D4E0E2}.Debug|Any CPU.ActiveCfg = Debug|Any CPU
		{9AE7E397-799B-4ECD-BB00-9EE462D4E0E2}.Debug|Any CPU.Build.0 = Debug|Any CPU
		{9AE7E397-799B-4ECD-BB00-9EE462D4E0E2}.Debug|x64.ActiveCfg = Debug|Any CPU
		{9AE7E397-799B-4ECD-BB00-9EE462D4E0E2}.Debug|x64.Build.0 = Debug|Any CPU
		{9AE7E397-799B-4ECD-BB00-9EE462D4E0E2}.Debug|x86.ActiveCfg = Debug|Any CPU
		{9AE7E397-799B-4ECD-BB00-9EE462D4E0E2}.Debug|x86.Build.0 = Debug|Any CPU
		{9AE7E397-799B-4ECD-BB00-9EE462D4E0E2}.Release|Any CPU.ActiveCfg = Release|Any CPU
		{9AE7E397-799B-4ECD-BB00-9EE462D4E0E2}.Release|Any CPU.Build.0 = Release|Any CPU
		{9AE7E397-799B-4ECD-BB00-9EE462D4E0E2}.Release|x64.ActiveCfg = Release|Any CPU
		{9AE7E397-799B-4ECD-BB00-9EE462D4E0E2}.Release|x64.Build.0 = Release|Any CPU
		{9AE7E397-799B-4ECD-BB00-9EE462D4E0E2}.Release|x86.ActiveCfg = Release|Any CPU
		{9AE7E397-799B-4ECD-BB00-9EE462D4E0E2}.Release|x86.Build.0 = Release|Any CPU
		{1BC7FC11-A57B-4514-B495-42787AF4FEC1}.Debug|Any CPU.ActiveCfg = Debug|Any CPU
		{1BC7FC11-A57B-4514-B495-42787AF4FEC1}.Debug|Any CPU.Build.0 = Debug|Any CPU
		{1BC7FC11-A57B-4514-B495-42787AF4FEC1}.Debug|x64.ActiveCfg = Debug|Any CPU
		{1BC7FC11-A57B-4514-B495-42787AF4FEC1}.Debug|x64.Build.0 = Debug|Any CPU
		{1BC7FC11-A57B-4514-B495-42787AF4FEC1}.Debug|x86.ActiveCfg = Debug|Any CPU
		{1BC7FC11-A57B-4514-B495-42787AF4FEC1}.Debug|x86.Build.0 = Debug|Any CPU
		{1BC7FC11-A57B-4514-B495-42787AF4FEC1}.Release|Any CPU.ActiveCfg = Release|Any CPU
		{1BC7FC11-A57B-4514-B495-42787AF4FEC1}.Release|Any CPU.Build.0 = Release|Any CPU
		{1BC7FC11-A57B-4514-B495-42787AF4FEC1}.Release|x64.ActiveCfg = Release|Any CPU
		{1BC7FC11-A57B-4514-B495-42787AF4FEC1}.Release|x64.Build.0 = Release|Any CPU
		{1BC7FC11-A57B-4514-B495-42787AF4FEC1}.Release|x86.ActiveCfg = Release|Any CPU
		{1BC7FC11-A57B-4514-B495-42787AF4FEC1}.Release|x86.Build.0 = Release|Any CPU
		{D4EF67C4-D7D6-48FA-A4FD-2193C7660238}.Debug|Any CPU.ActiveCfg = Debug|Any CPU
		{D4EF67C4-D7D6-48FA-A4FD-2193C7660238}.Debug|Any CPU.Build.0 = Debug|Any CPU
		{D4EF67C4-D7D6-48FA-A4FD-2193C7660238}.Debug|x64.ActiveCfg = Debug|Any CPU
		{D4EF67C4-D7D6-48FA-A4FD-2193C7660238}.Debug|x64.Build.0 = Debug|Any CPU
		{D4EF67C4-D7D6-48FA-A4FD-2193C7660238}.Debug|x86.ActiveCfg = Debug|Any CPU
		{D4EF67C4-D7D6-48FA-A4FD-2193C7660238}.Debug|x86.Build.0 = Debug|Any CPU
		{D4EF67C4-D7D6-48FA-A4FD-2193C7660238}.Release|Any CPU.ActiveCfg = Release|Any CPU
		{D4EF67C4-D7D6-48FA-A4FD-2193C7660238}.Release|Any CPU.Build.0 = Release|Any CPU
		{D4EF67C4-D7D6-48FA-A4FD-2193C7660238}.Release|x64.ActiveCfg = Release|Any CPU
		{D4EF67C4-D7D6-48FA-A4FD-2193C7660238}.Release|x64.Build.0 = Release|Any CPU
		{D4EF67C4-D7D6-48FA-A4FD-2193C7660238}.Release|x86.ActiveCfg = Release|Any CPU
		{D4EF67C4-D7D6-48FA-A4FD-2193C7660238}.Release|x86.Build.0 = Release|Any CPU
	EndGlobalSection
	GlobalSection(SolutionProperties) = preSolution
		HideSolutionNode = FALSE
	EndGlobalSection
	GlobalSection(ExtensibilityGlobals) = postSolution
		SolutionGuid = {2C4FC1E0-613D-44E6-AC7A-A531F84E010A}
	EndGlobalSection
EndGlobal
