Microsoft Visual Studio Solution File, Format Version 12.00
# Visual Studio Version 16
VisualStudioVersion = 16.0.0.0
MinimumVisualStudioVersion = 16.0.0.0
Project("{9A19103F-16F7-4668-BE54-9A1E7A4F7556}") = "FMSystems.WeatherForcast.Api", "FMSystems.WeatherForcast.Api\FMSystems.WeatherForcast.Api.csproj", "{EB4750AF-55A0-4954-B69E-68954D207359}"
EndProject
Project("{9A19103F-16F7-4668-BE54-9A1E7A4F7556}") = "FMSystems.WeatherForcast.Web", "FMSystems.WeatherForcast.Web\FMSystems.WeatherForcast.Web.csproj", "{79B9FDAB-B781-4305-951F-BBE9E24A6FE5}"
EndProject
Project("{9A19103F-16F7-4668-BE54-9A1E7A4F7556}") = "FMSystems.WeatherForcast.Domain", "FMSystems.WeatherForcast.Domain\FMSystems.WeatherForcast.Domain.csproj", "{A2209262-AD10-42EC-9714-DB020C7A7CA8}"
EndProject
Project("{FAE04EC0-301F-11D3-BF4B-00C04F79EFBC}") = "FMSystems.WeatherForecast.Application", "FMSystems.WeatherForecast.Application\FMSystems.WeatherForecast.Application.csproj", "{5F4146C3-463A-453A-8635-B81308E63516}"
EndProject
Project("{2150E333-8FDC-42A3-9474-1A3956D46DE8}") = "Solution Items", "Solution Items", "{11321F96-7329-4F4D-B45D-9287627F2093}"
	ProjectSection(SolutionItems) = preProject
		.editorconfig = .editorconfig
		.gitattributes = .gitattributes
		.gitignore = .gitignore
	EndProjectSection
EndProject
Global
	GlobalSection(SolutionConfigurationPlatforms) = preSolution
		Debug|Any CPU = Debug|Any CPU
		Debug|x64 = Debug|x64
		Debug|x86 = Debug|x86
		Release|Any CPU = Release|Any CPU
		Release|x64 = Release|x64
		Release|x86 = Release|x86
	EndGlobalSection
	GlobalSection(ProjectConfigurationPlatforms) = postSolution
		{EB4750AF-55A0-4954-B69E-68954D207359}.Debug|Any CPU.ActiveCfg = Debug|Any CPU
		{EB4750AF-55A0-4954-B69E-68954D207359}.Debug|Any CPU.Build.0 = Debug|Any CPU
		{EB4750AF-55A0-4954-B69E-68954D207359}.Debug|x64.ActiveCfg = Debug|Any CPU
		{EB4750AF-55A0-4954-B69E-68954D207359}.Debug|x64.Build.0 = Debug|Any CPU
		{EB4750AF-55A0-4954-B69E-68954D207359}.Debug|x86.ActiveCfg = Debug|Any CPU
		{EB4750AF-55A0-4954-B69E-68954D207359}.Debug|x86.Build.0 = Debug|Any CPU
		{EB4750AF-55A0-4954-B69E-68954D207359}.Release|Any CPU.ActiveCfg = Release|Any CPU
		{EB4750AF-55A0-4954-B69E-68954D207359}.Release|Any CPU.Build.0 = Release|Any CPU
		{EB4750AF-55A0-4954-B69E-68954D207359}.Release|x64.ActiveCfg = Release|Any CPU
		{EB4750AF-55A0-4954-B69E-68954D207359}.Release|x64.Build.0 = Release|Any CPU
		{EB4750AF-55A0-4954-B69E-68954D207359}.Release|x86.ActiveCfg = Release|Any CPU
		{EB4750AF-55A0-4954-B69E-68954D207359}.Release|x86.Build.0 = Release|Any CPU
		{79B9FDAB-B781-4305-951F-BBE9E24A6FE5}.Debug|Any CPU.ActiveCfg = Debug|Any CPU
		{79B9FDAB-B781-4305-951F-BBE9E24A6FE5}.Debug|Any CPU.Build.0 = Debug|Any CPU
		{79B9FDAB-B781-4305-951F-BBE9E24A6FE5}.Debug|x64.ActiveCfg = Debug|Any CPU
		{79B9FDAB-B781-4305-951F-BBE9E24A6FE5}.Debug|x64.Build.0 = Debug|Any CPU
		{79B9FDAB-B781-4305-951F-BBE9E24A6FE5}.Debug|x86.ActiveCfg = Debug|Any CPU
		{79B9FDAB-B781-4305-951F-BBE9E24A6FE5}.Debug|x86.Build.0 = Debug|Any CPU
		{79B9FDAB-B781-4305-951F-BBE9E24A6FE5}.Release|Any CPU.ActiveCfg = Release|Any CPU
		{79B9FDAB-B781-4305-951F-BBE9E24A6FE5}.Release|Any CPU.Build.0 = Release|Any CPU
		{79B9FDAB-B781-4305-951F-BBE9E24A6FE5}.Release|x64.ActiveCfg = Release|Any CPU
		{79B9FDAB-B781-4305-951F-BBE9E24A6FE5}.Release|x64.Build.0 = Release|Any CPU
		{79B9FDAB-B781-4305-951F-BBE9E24A6FE5}.Release|x86.ActiveCfg = Release|Any CPU
		{79B9FDAB-B781-4305-951F-BBE9E24A6FE5}.Release|x86.Build.0 = Release|Any CPU
		{A2209262-AD10-42EC-9714-DB020C7A7CA8}.Debug|Any CPU.ActiveCfg = Debug|Any CPU
		{A2209262-AD10-42EC-9714-DB020C7A7CA8}.Debug|Any CPU.Build.0 = Debug|Any CPU
		{A2209262-AD10-42EC-9714-DB020C7A7CA8}.Debug|x64.ActiveCfg = Debug|Any CPU
		{A2209262-AD10-42EC-9714-DB020C7A7CA8}.Debug|x64.Build.0 = Debug|Any CPU
		{A2209262-AD10-42EC-9714-DB020C7A7CA8}.Debug|x86.ActiveCfg = Debug|Any CPU
		{A2209262-AD10-42EC-9714-DB020C7A7CA8}.Debug|x86.Build.0 = Debug|Any CPU
		{A2209262-AD10-42EC-9714-DB020C7A7CA8}.Release|Any CPU.ActiveCfg = Release|Any CPU
		{A2209262-AD10-42EC-9714-DB020C7A7CA8}.Release|Any CPU.Build.0 = Release|Any CPU
		{A2209262-AD10-42EC-9714-DB020C7A7CA8}.Release|x64.ActiveCfg = Release|Any CPU
		{A2209262-AD10-42EC-9714-DB020C7A7CA8}.Release|x64.Build.0 = Release|Any CPU
		{A2209262-AD10-42EC-9714-DB020C7A7CA8}.Release|x86.ActiveCfg = Release|Any CPU
		{A2209262-AD10-42EC-9714-DB020C7A7CA8}.Release|x86.Build.0 = Release|Any CPU
		{5F4146C3-463A-453A-8635-B81308E63516}.Debug|Any CPU.ActiveCfg = Debug|Any CPU
		{5F4146C3-463A-453A-8635-B81308E63516}.Debug|Any CPU.Build.0 = Debug|Any CPU
		{5F4146C3-463A-453A-8635-B81308E63516}.Debug|x64.ActiveCfg = Debug|Any CPU
		{5F4146C3-463A-453A-8635-B81308E63516}.Debug|x64.Build.0 = Debug|Any CPU
		{5F4146C3-463A-453A-8635-B81308E63516}.Debug|x86.ActiveCfg = Debug|Any CPU
		{5F4146C3-463A-453A-8635-B81308E63516}.Debug|x86.Build.0 = Debug|Any CPU
		{5F4146C3-463A-453A-8635-B81308E63516}.Release|Any CPU.ActiveCfg = Release|Any CPU
		{5F4146C3-463A-453A-8635-B81308E63516}.Release|Any CPU.Build.0 = Release|Any CPU
		{5F4146C3-463A-453A-8635-B81308E63516}.Release|x64.ActiveCfg = Release|Any CPU
		{5F4146C3-463A-453A-8635-B81308E63516}.Release|x64.Build.0 = Release|Any CPU
		{5F4146C3-463A-453A-8635-B81308E63516}.Release|x86.ActiveCfg = Release|Any CPU
		{5F4146C3-463A-453A-8635-B81308E63516}.Release|x86.Build.0 = Release|Any CPU
	EndGlobalSection
	GlobalSection(SolutionProperties) = preSolution
		HideSolutionNode = FALSE
	EndGlobalSection
	GlobalSection(ExtensibilityGlobals) = postSolution
		SolutionGuid = {2C4FC1E0-613D-44E6-AC7A-A531F84E010A}
	EndGlobalSection
EndGlobal
