
Microsoft Visual Studio Solution File, Format Version 12.00
# Visual Studio Version 16
VisualStudioVersion = 16.0.31624.102
MinimumVisualStudioVersion = 10.0.40219.1
Project("{FAE04EC0-301F-11D3-BF4B-00C04F79EFBC}") = "cityAPI", "cityAPI\cityAPI.csproj", "{FB0CEDF9-8495-4F7A-9ADE-76829E03C89E}"
EndProject
Project("{FAE04EC0-301F-11D3-BF4B-00C04F79EFBC}") = "City-Api-test", "City-Api-test\City-Api-test.csproj", "{EA907B6A-4EB4-49FF-B568-7CA844678721}"
EndProject
Project("{FAE04EC0-301F-11D3-BF4B-00C04F79EFBC}") = "CityWebApp", "CityWebApp\CityWebApp.csproj", "{38BDBABC-C67F-4EFA-A5B5-F2BB34138E12}"
EndProject
Global
	GlobalSection(SolutionConfigurationPlatforms) = preSolution
		Debug|Any CPU = Debug|Any CPU
		Release|Any CPU = Release|Any CPU
	EndGlobalSection
	GlobalSection(ProjectConfigurationPlatforms) = postSolution
		{FB0CEDF9-8495-4F7A-9ADE-76829E03C89E}.Debug|Any CPU.ActiveCfg = Debug|Any CPU
		{FB0CEDF9-8495-4F7A-9ADE-76829E03C89E}.Debug|Any CPU.Build.0 = Debug|Any CPU
		{FB0CEDF9-8495-4F7A-9ADE-76829E03C89E}.Release|Any CPU.ActiveCfg = Release|Any CPU
		{FB0CEDF9-8495-4F7A-9ADE-76829E03C89E}.Release|Any CPU.Build.0 = Release|Any CPU
		{EA907B6A-4EB4-49FF-B568-7CA844678721}.Debug|Any CPU.ActiveCfg = Debug|Any CPU
		{EA907B6A-4EB4-49FF-B568-7CA844678721}.Debug|Any CPU.Build.0 = Debug|Any CPU
		{EA907B6A-4EB4-49FF-B568-7CA844678721}.Release|Any CPU.ActiveCfg = Release|Any CPU
		{EA907B6A-4EB4-49FF-B568-7CA844678721}.Release|Any CPU.Build.0 = Release|Any CPU
		{38BDBABC-C67F-4EFA-A5B5-F2BB34138E12}.Debug|Any CPU.ActiveCfg = Debug|Any CPU
		{38BDBABC-C67F-4EFA-A5B5-F2BB34138E12}.Debug|Any CPU.Build.0 = Debug|Any CPU
		{38BDBABC-C67F-4EFA-A5B5-F2BB34138E12}.Release|Any CPU.ActiveCfg = Release|Any CPU
		{38BDBABC-C67F-4EFA-A5B5-F2BB34138E12}.Release|Any CPU.Build.0 = Release|Any CPU
	EndGlobalSection
	GlobalSection(SolutionProperties) = preSolution
		HideSolutionNode = FALSE
	EndGlobalSection
	GlobalSection(ExtensibilityGlobals) = postSolution
		SolutionGuid = {1BF58054-CEA9-4BEE-95BA-96548DD46F47}
	EndGlobalSection
EndGlobal
