
Microsoft Visual Studio Solution File, Format Version 12.00
# Visual Studio Version 16
VisualStudioVersion = 16.0.31624.102
MinimumVisualStudioVersion = 10.0.40219.1
Project("{FAE04EC0-301F-11D3-BF4B-00C04F79EFBC}") = "CityWebApp", "CityWebApp\CityWebApp.csproj", "{BE0E7CA0-20F7-4928-BD78-FE854FECE8C8}"
EndProject
Global
	GlobalSection(SolutionConfigurationPlatforms) = preSolution
		Debug|Any CPU = Debug|Any CPU
		Release|Any CPU = Release|Any CPU
	EndGlobalSection
	GlobalSection(ProjectConfigurationPlatforms) = postSolution
		{BE0E7CA0-20F7-4928-BD78-FE854FECE8C8}.Debug|Any CPU.ActiveCfg = Debug|Any CPU
		{BE0E7CA0-20F7-4928-BD78-FE854FECE8C8}.Debug|Any CPU.Build.0 = Debug|Any CPU
		{BE0E7CA0-20F7-4928-BD78-FE854FECE8C8}.Release|Any CPU.ActiveCfg = Release|Any CPU
		{BE0E7CA0-20F7-4928-BD78-FE854FECE8C8}.Release|Any CPU.Build.0 = Release|Any CPU
	EndGlobalSection
	GlobalSection(SolutionProperties) = preSolution
		HideSolutionNode = FALSE
	EndGlobalSection
	GlobalSection(ExtensibilityGlobals) = postSolution
		SolutionGuid = {A9596E62-7237-443D-A4B4-717B368DDD8D}
	EndGlobalSection
EndGlobal
