
Microsoft Visual Studio Solution File, Format Version 12.00
# Visual Studio Version 17
VisualStudioVersion = 17.0.32014.148
MinimumVisualStudioVersion = 10.0.40219.1
Project("{9A19103F-16F7-4668-BE54-9A1E7A4F7556}") = "FMSystem.API", "FMSystem.API\FMSystem.API.csproj", "{F9A8FB13-5FFC-4B96-A157-8BF674B42EA0}"
EndProject
Project("{9A19103F-16F7-4668-BE54-9A1E7A4F7556}") = "TestFMSystem.API", "TestFMSystem.API\TestFMSystem.API.csproj", "{0FED279E-184A-423D-804C-A05F47A482FD}"
EndProject
Project("{FAE04EC0-301F-11D3-BF4B-00C04F79EFBC}") = "FMSystem.Web", "..\FMSystem.Web\FMSystem.Web.csproj", "{14108399-6A01-4976-BD34-11C648731E82}"
EndProject
Global
	GlobalSection(SolutionConfigurationPlatforms) = preSolution
		Debug|Any CPU = Debug|Any CPU
		Release|Any CPU = Release|Any CPU
	EndGlobalSection
	GlobalSection(ProjectConfigurationPlatforms) = postSolution
		{F9A8FB13-5FFC-4B96-A157-8BF674B42EA0}.Debug|Any CPU.ActiveCfg = Debug|Any CPU
		{F9A8FB13-5FFC-4B96-A157-8BF674B42EA0}.Debug|Any CPU.Build.0 = Debug|Any CPU
		{F9A8FB13-5FFC-4B96-A157-8BF674B42EA0}.Release|Any CPU.ActiveCfg = Release|Any CPU
		{F9A8FB13-5FFC-4B96-A157-8BF674B42EA0}.Release|Any CPU.Build.0 = Release|Any CPU
		{0FED279E-184A-423D-804C-A05F47A482FD}.Debug|Any CPU.ActiveCfg = Debug|Any CPU
		{0FED279E-184A-423D-804C-A05F47A482FD}.Debug|Any CPU.Build.0 = Debug|Any CPU
		{0FED279E-184A-423D-804C-A05F47A482FD}.Release|Any CPU.ActiveCfg = Release|Any CPU
		{0FED279E-184A-423D-804C-A05F47A482FD}.Release|Any CPU.Build.0 = Release|Any CPU
		{14108399-6A01-4976-BD34-11C648731E82}.Debug|Any CPU.ActiveCfg = Debug|Any CPU
		{14108399-6A01-4976-BD34-11C648731E82}.Debug|Any CPU.Build.0 = Debug|Any CPU
		{14108399-6A01-4976-BD34-11C648731E82}.Release|Any CPU.ActiveCfg = Release|Any CPU
		{14108399-6A01-4976-BD34-11C648731E82}.Release|Any CPU.Build.0 = Release|Any CPU
	EndGlobalSection
	GlobalSection(SolutionProperties) = preSolution
		HideSolutionNode = FALSE
	EndGlobalSection
	GlobalSection(ExtensibilityGlobals) = postSolution
		SolutionGuid = {EF203336-D1FD-414A-9F1A-59323DCA20A5}
	EndGlobalSection
EndGlobal
