
Microsoft Visual Studio Solution File, Format Version 12.00
# Visual Studio Version 16
VisualStudioVersion = 16.0.31129.286
MinimumVisualStudioVersion = 10.0.40219.1
Project("{9A19103F-16F7-4668-BE54-9A1E7A4F7556}") = "FmApi", "FmApi.csproj", "{385098FA-1FA5-4046-9C6F-15848E188893}"
EndProject
Project("{FAE04EC0-301F-11D3-BF4B-00C04F79EFBC}") = "FMUnitTest", "..\FMUnitTest\FMUnitTest.csproj", "{AA46D39A-6B1D-4570-A3A2-BFB4A41B7730}"
EndProject
Global
	GlobalSection(SolutionConfigurationPlatforms) = preSolution
		Debug|Any CPU = Debug|Any CPU
		Release|Any CPU = Release|Any CPU
	EndGlobalSection
	GlobalSection(ProjectConfigurationPlatforms) = postSolution
		{385098FA-1FA5-4046-9C6F-15848E188893}.Debug|Any CPU.ActiveCfg = Debug|Any CPU
		{385098FA-1FA5-4046-9C6F-15848E188893}.Debug|Any CPU.Build.0 = Debug|Any CPU
		{385098FA-1FA5-4046-9C6F-15848E188893}.Release|Any CPU.ActiveCfg = Release|Any CPU
		{385098FA-1FA5-4046-9C6F-15848E188893}.Release|Any CPU.Build.0 = Release|Any CPU
		{AA46D39A-6B1D-4570-A3A2-BFB4A41B7730}.Debug|Any CPU.ActiveCfg = Debug|Any CPU
		{AA46D39A-6B1D-4570-A3A2-BFB4A41B7730}.Debug|Any CPU.Build.0 = Debug|Any CPU
		{AA46D39A-6B1D-4570-A3A2-BFB4A41B7730}.Release|Any CPU.ActiveCfg = Release|Any CPU
		{AA46D39A-6B1D-4570-A3A2-BFB4A41B7730}.Release|Any CPU.Build.0 = Release|Any CPU
	EndGlobalSection
	GlobalSection(SolutionProperties) = preSolution
		HideSolutionNode = FALSE
	EndGlobalSection
	GlobalSection(ExtensibilityGlobals) = postSolution
		SolutionGuid = {4FD30E7C-C5BE-49E8-9B7B-60CCF1795837}
	EndGlobalSection
EndGlobal
