
Microsoft Visual Studio Solution File, Format Version 12.00
# Visual Studio Version 16
VisualStudioVersion = 16.0.30804.86
MinimumVisualStudioVersion = 10.0.40219.1
Project("{9A19103F-16F7-4668-BE54-9A1E7A4F7556}") = "WeatherApi", "WeatherApi.csproj", "{DAC54F80-2B13-4027-90D8-09A6047EE450}"
EndProject
Project("{FAE04EC0-301F-11D3-BF4B-00C04F79EFBC}") = "WeatherApiTest", "..\WeatherApiTest\WeatherApiTest.csproj", "{81167FF7-7F75-4529-AAE3-68CABEDE7ECB}"
EndProject
Global
	GlobalSection(SolutionConfigurationPlatforms) = preSolution
		Debug|Any CPU = Debug|Any CPU
		Release|Any CPU = Release|Any CPU
	EndGlobalSection
	GlobalSection(ProjectConfigurationPlatforms) = postSolution
		{DAC54F80-2B13-4027-90D8-09A6047EE450}.Debug|Any CPU.ActiveCfg = Debug|Any CPU
		{DAC54F80-2B13-4027-90D8-09A6047EE450}.Debug|Any CPU.Build.0 = Debug|Any CPU
		{DAC54F80-2B13-4027-90D8-09A6047EE450}.Release|Any CPU.ActiveCfg = Release|Any CPU
		{DAC54F80-2B13-4027-90D8-09A6047EE450}.Release|Any CPU.Build.0 = Release|Any CPU
		{81167FF7-7F75-4529-AAE3-68CABEDE7ECB}.Debug|Any CPU.ActiveCfg = Debug|Any CPU
		{81167FF7-7F75-4529-AAE3-68CABEDE7ECB}.Debug|Any CPU.Build.0 = Debug|Any CPU
		{81167FF7-7F75-4529-AAE3-68CABEDE7ECB}.Release|Any CPU.ActiveCfg = Release|Any CPU
		{81167FF7-7F75-4529-AAE3-68CABEDE7ECB}.Release|Any CPU.Build.0 = Release|Any CPU
	EndGlobalSection
	GlobalSection(SolutionProperties) = preSolution
		HideSolutionNode = FALSE
	EndGlobalSection
	GlobalSection(ExtensibilityGlobals) = postSolution
		SolutionGuid = {F1F0A48D-EDF6-4C3B-8C1A-1F71958B26F2}
	EndGlobalSection
EndGlobal
